
Microsoft Visual Studio Solution File, Format Version 12.00
# Visual Studio Version 16
VisualStudioVersion = 16.0.31624.102
MinimumVisualStudioVersion = 10.0.40219.1
Project("{FAE04EC0-301F-11D3-BF4B-00C04F79EFBC}") = "уровень1_№2", "ООП_Лаб3\уровень1_№2.csproj", "{A774AF69-A9AD-4CA0-9F34-15461F4770F2}"
EndProject
Project("{FAE04EC0-301F-11D3-BF4B-00C04F79EFBC}") = "уровень2_№7", "уровень2_№7\уровень2_№7.csproj", "{A024D4E5-A74E-4D5C-B07B-796D4AF25905}"
EndProject
Project("{FAE04EC0-301F-11D3-BF4B-00C04F79EFBC}") = "уровень3_№1", "уровень3_№1\уровень3_№1.csproj", "{503A9C4A-0A58-4857-B1AB-30B4726A1D77}"
EndProject
Global
	GlobalSection(SolutionConfigurationPlatforms) = preSolution
		Debug|Any CPU = Debug|Any CPU
		Release|Any CPU = Release|Any CPU
	EndGlobalSection
	GlobalSection(ProjectConfigurationPlatforms) = postSolution
		{A774AF69-A9AD-4CA0-9F34-15461F4770F2}.Debug|Any CPU.ActiveCfg = Debug|Any CPU
		{A774AF69-A9AD-4CA0-9F34-15461F4770F2}.Debug|Any CPU.Build.0 = Debug|Any CPU
		{A774AF69-A9AD-4CA0-9F34-15461F4770F2}.Release|Any CPU.ActiveCfg = Release|Any CPU
		{A774AF69-A9AD-4CA0-9F34-15461F4770F2}.Release|Any CPU.Build.0 = Release|Any CPU
		{A024D4E5-A74E-4D5C-B07B-796D4AF25905}.Debug|Any CPU.ActiveCfg = Debug|Any CPU
		{A024D4E5-A74E-4D5C-B07B-796D4AF25905}.Debug|Any CPU.Build.0 = Debug|Any CPU
		{A024D4E5-A74E-4D5C-B07B-796D4AF25905}.Release|Any CPU.ActiveCfg = Release|Any CPU
		{A024D4E5-A74E-4D5C-B07B-796D4AF25905}.Release|Any CPU.Build.0 = Release|Any CPU
		{503A9C4A-0A58-4857-B1AB-30B4726A1D77}.Debug|Any CPU.ActiveCfg = Debug|Any CPU
		{503A9C4A-0A58-4857-B1AB-30B4726A1D77}.Debug|Any CPU.Build.0 = Debug|Any CPU
		{503A9C4A-0A58-4857-B1AB-30B4726A1D77}.Release|Any CPU.ActiveCfg = Release|Any CPU
		{503A9C4A-0A58-4857-B1AB-30B4726A1D77}.Release|Any CPU.Build.0 = Release|Any CPU
	EndGlobalSection
	GlobalSection(SolutionProperties) = preSolution
		HideSolutionNode = FALSE
	EndGlobalSection
	GlobalSection(ExtensibilityGlobals) = postSolution
		SolutionGuid = {69EC1CFD-4F5E-40DA-AA02-F13BCE391E64}
	EndGlobalSection
EndGlobal
