
Microsoft Visual Studio Solution File, Format Version 12.00
# Visual Studio Version 16
VisualStudioVersion = 16.0.31624.102
MinimumVisualStudioVersion = 10.0.40219.1
Project("{FAE04EC0-301F-11D3-BF4B-00C04F79EFBC}") = "ЛР3", "ЛР3\ЛР3.csproj", "{77085CA1-5F39-4667-B98D-892E76285D57}"
EndProject
Global
	GlobalSection(SolutionConfigurationPlatforms) = preSolution
		Debug|Any CPU = Debug|Any CPU
		Release|Any CPU = Release|Any CPU
	EndGlobalSection
	GlobalSection(ProjectConfigurationPlatforms) = postSolution
		{77085CA1-5F39-4667-B98D-892E76285D57}.Debug|Any CPU.ActiveCfg = Debug|Any CPU
		{77085CA1-5F39-4667-B98D-892E76285D57}.Debug|Any CPU.Build.0 = Debug|Any CPU
		{77085CA1-5F39-4667-B98D-892E76285D57}.Release|Any CPU.ActiveCfg = Release|Any CPU
		{77085CA1-5F39-4667-B98D-892E76285D57}.Release|Any CPU.Build.0 = Release|Any CPU
	EndGlobalSection
	GlobalSection(SolutionProperties) = preSolution
		HideSolutionNode = FALSE
	EndGlobalSection
	GlobalSection(ExtensibilityGlobals) = postSolution
		SolutionGuid = {F52198DD-6D50-4CC2-9614-9299D2608112}
	EndGlobalSection
EndGlobal
