
Microsoft Visual Studio Solution File, Format Version 12.00
# Visual Studio Version 16
VisualStudioVersion = 16.0.31624.102
MinimumVisualStudioVersion = 10.0.40219.1
Project("{FAE04EC0-301F-11D3-BF4B-00C04F79EFBC}") = "Лабораторная 1.1", "Лабораторная работа 1\Лабораторная 1.1.csproj", "{41D62421-E9A0-4C54-8DFB-183EA73B0C5A}"
EndProject
Project("{FAE04EC0-301F-11D3-BF4B-00C04F79EFBC}") = "Laboratornaya1.3", "..\Laboratornaya1.3\Laboratornaya1.3\Laboratornaya1.3.csproj", "{C5D43FDC-7867-40AA-8E39-C3843183405B}"
EndProject
Project("{FAE04EC0-301F-11D3-BF4B-00C04F79EFBC}") = "Лабораторная1.4", "..\Лабораторная1.4\Лабораторная1.4\Лабораторная1.4.csproj", "{F50EE89C-1A1D-4A10-A1B3-51DB532DBECE}"
EndProject
Project("{FAE04EC0-301F-11D3-BF4B-00C04F79EFBC}") = "Laboratornaya1.2", "..\Laboratornaya1.2\Laboratornaya1.2\Laboratornaya1.2.csproj", "{D158B489-59C3-4899-B73D-FDC68F962FA0}"
EndProject
Project("{FAE04EC0-301F-11D3-BF4B-00C04F79EFBC}") = "лабораторная 1.5", "..\лабораторная 1.5\лабораторная 1.5\лабораторная 1.5.csproj", "{5AB86E45-4E4A-4618-B979-DADD5508A066}"
EndProject
Project("{FAE04EC0-301F-11D3-BF4B-00C04F79EFBC}") = "Лабораторная 1.6", "Лабораторная 1.6\Лабораторная 1.6.csproj", "{F85A11BB-16CB-40AD-8BAA-216EB9756A48}"
EndProject
Global
	GlobalSection(SolutionConfigurationPlatforms) = preSolution
		Debug|Any CPU = Debug|Any CPU
		Release|Any CPU = Release|Any CPU
	EndGlobalSection
	GlobalSection(ProjectConfigurationPlatforms) = postSolution
		{41D62421-E9A0-4C54-8DFB-183EA73B0C5A}.Debug|Any CPU.ActiveCfg = Debug|Any CPU
		{41D62421-E9A0-4C54-8DFB-183EA73B0C5A}.Debug|Any CPU.Build.0 = Debug|Any CPU
		{41D62421-E9A0-4C54-8DFB-183EA73B0C5A}.Release|Any CPU.ActiveCfg = Release|Any CPU
		{41D62421-E9A0-4C54-8DFB-183EA73B0C5A}.Release|Any CPU.Build.0 = Release|Any CPU
		{C5D43FDC-7867-40AA-8E39-C3843183405B}.Debug|Any CPU.ActiveCfg = Debug|Any CPU
		{C5D43FDC-7867-40AA-8E39-C3843183405B}.Debug|Any CPU.Build.0 = Debug|Any CPU
		{C5D43FDC-7867-40AA-8E39-C3843183405B}.Release|Any CPU.ActiveCfg = Release|Any CPU
		{C5D43FDC-7867-40AA-8E39-C3843183405B}.Release|Any CPU.Build.0 = Release|Any CPU
		{F50EE89C-1A1D-4A10-A1B3-51DB532DBECE}.Debug|Any CPU.ActiveCfg = Debug|Any CPU
		{F50EE89C-1A1D-4A10-A1B3-51DB532DBECE}.Debug|Any CPU.Build.0 = Debug|Any CPU
		{F50EE89C-1A1D-4A10-A1B3-51DB532DBECE}.Release|Any CPU.ActiveCfg = Release|Any CPU
		{F50EE89C-1A1D-4A10-A1B3-51DB532DBECE}.Release|Any CPU.Build.0 = Release|Any CPU
		{D158B489-59C3-4899-B73D-FDC68F962FA0}.Debug|Any CPU.ActiveCfg = Debug|Any CPU
		{D158B489-59C3-4899-B73D-FDC68F962FA0}.Debug|Any CPU.Build.0 = Debug|Any CPU
		{D158B489-59C3-4899-B73D-FDC68F962FA0}.Release|Any CPU.ActiveCfg = Release|Any CPU
		{D158B489-59C3-4899-B73D-FDC68F962FA0}.Release|Any CPU.Build.0 = Release|Any CPU
		{5AB86E45-4E4A-4618-B979-DADD5508A066}.Debug|Any CPU.ActiveCfg = Debug|Any CPU
		{5AB86E45-4E4A-4618-B979-DADD5508A066}.Debug|Any CPU.Build.0 = Debug|Any CPU
		{5AB86E45-4E4A-4618-B979-DADD5508A066}.Release|Any CPU.ActiveCfg = Release|Any CPU
		{5AB86E45-4E4A-4618-B979-DADD5508A066}.Release|Any CPU.Build.0 = Release|Any CPU
		{F85A11BB-16CB-40AD-8BAA-216EB9756A48}.Debug|Any CPU.ActiveCfg = Debug|Any CPU
		{F85A11BB-16CB-40AD-8BAA-216EB9756A48}.Debug|Any CPU.Build.0 = Debug|Any CPU
		{F85A11BB-16CB-40AD-8BAA-216EB9756A48}.Release|Any CPU.ActiveCfg = Release|Any CPU
		{F85A11BB-16CB-40AD-8BAA-216EB9756A48}.Release|Any CPU.Build.0 = Release|Any CPU
	EndGlobalSection
	GlobalSection(SolutionProperties) = preSolution
		HideSolutionNode = FALSE
	EndGlobalSection
	GlobalSection(ExtensibilityGlobals) = postSolution
		SolutionGuid = {E3AD37FC-322D-4D8E-AE4A-6AFFE0900922}
	EndGlobalSection
EndGlobal
