
Microsoft Visual Studio Solution File, Format Version 12.00
# Visual Studio Version 16
VisualStudioVersion = 16.0.31624.102
MinimumVisualStudioVersion = 10.0.40219.1
Project("{FAE04EC0-301F-11D3-BF4B-00C04F79EFBC}") = "ЦиклВ", "ЦиклВ\ЦиклВ.csproj", "{8661FF63-4ADA-4966-8F65-95CD84AA7936}"
EndProject
Global
	GlobalSection(SolutionConfigurationPlatforms) = preSolution
		Debug|Any CPU = Debug|Any CPU
		Release|Any CPU = Release|Any CPU
	EndGlobalSection
	GlobalSection(ProjectConfigurationPlatforms) = postSolution
		{8661FF63-4ADA-4966-8F65-95CD84AA7936}.Debug|Any CPU.ActiveCfg = Debug|Any CPU
		{8661FF63-4ADA-4966-8F65-95CD84AA7936}.Debug|Any CPU.Build.0 = Debug|Any CPU
		{8661FF63-4ADA-4966-8F65-95CD84AA7936}.Release|Any CPU.ActiveCfg = Release|Any CPU
		{8661FF63-4ADA-4966-8F65-95CD84AA7936}.Release|Any CPU.Build.0 = Release|Any CPU
	EndGlobalSection
	GlobalSection(SolutionProperties) = preSolution
		HideSolutionNode = FALSE
	EndGlobalSection
	GlobalSection(ExtensibilityGlobals) = postSolution
		SolutionGuid = {816ED667-0B06-4633-92EF-C9FC75C9D388}
	EndGlobalSection
EndGlobal
