
Microsoft Visual Studio Solution File, Format Version 12.00
# Visual Studio Version 16
VisualStudioVersion = 16.0.31624.102
MinimumVisualStudioVersion = 10.0.40219.1
Project("{FAE04EC0-301F-11D3-BF4B-00C04F79EFBC}") = "4.2", "4.2\4.2.csproj", "{B93CF46C-0A42-4868-9F9B-94795D5B74CC}"
EndProject
Global
	GlobalSection(SolutionConfigurationPlatforms) = preSolution
		Debug|Any CPU = Debug|Any CPU
		Release|Any CPU = Release|Any CPU
	EndGlobalSection
	GlobalSection(ProjectConfigurationPlatforms) = postSolution
		{B93CF46C-0A42-4868-9F9B-94795D5B74CC}.Debug|Any CPU.ActiveCfg = Debug|Any CPU
		{B93CF46C-0A42-4868-9F9B-94795D5B74CC}.Debug|Any CPU.Build.0 = Debug|Any CPU
		{B93CF46C-0A42-4868-9F9B-94795D5B74CC}.Release|Any CPU.ActiveCfg = Release|Any CPU
		{B93CF46C-0A42-4868-9F9B-94795D5B74CC}.Release|Any CPU.Build.0 = Release|Any CPU
	EndGlobalSection
	GlobalSection(SolutionProperties) = preSolution
		HideSolutionNode = FALSE
	EndGlobalSection
	GlobalSection(ExtensibilityGlobals) = postSolution
		SolutionGuid = {4504A8F3-4327-44F3-B7C2-2094C4680F13}
	EndGlobalSection
EndGlobal
