
Microsoft Visual Studio Solution File, Format Version 12.00
# Visual Studio Version 16
VisualStudioVersion = 16.0.31624.102
MinimumVisualStudioVersion = 10.0.40219.1
Project("{FAE04EC0-301F-11D3-BF4B-00C04F79EFBC}") = "5б", "ЦиклыМассивы\5б.csproj", "{64AAA125-F73A-4C43-B04B-797A8DDCA5EA}"
EndProject
Project("{FAE04EC0-301F-11D3-BF4B-00C04F79EFBC}") = "5 в", "цикл В\5 в.csproj", "{EE36875D-043A-472A-8EEF-BF8F42FD9D03}"
EndProject
Project("{FAE04EC0-301F-11D3-BF4B-00C04F79EFBC}") = "6а", "6а\6а.csproj", "{7B64386D-51C5-41C5-8BAD-B2F69865F8C2}"
EndProject
Project("{FAE04EC0-301F-11D3-BF4B-00C04F79EFBC}") = "6б", "6б\6б.csproj", "{9CD749FE-9A12-48CF-B319-0507BE78D57F}"
EndProject
Global
	GlobalSection(SolutionConfigurationPlatforms) = preSolution
		Debug|Any CPU = Debug|Any CPU
		Release|Any CPU = Release|Any CPU
	EndGlobalSection
	GlobalSection(ProjectConfigurationPlatforms) = postSolution
		{64AAA125-F73A-4C43-B04B-797A8DDCA5EA}.Debug|Any CPU.ActiveCfg = Debug|Any CPU
		{64AAA125-F73A-4C43-B04B-797A8DDCA5EA}.Debug|Any CPU.Build.0 = Debug|Any CPU
		{64AAA125-F73A-4C43-B04B-797A8DDCA5EA}.Release|Any CPU.ActiveCfg = Release|Any CPU
		{64AAA125-F73A-4C43-B04B-797A8DDCA5EA}.Release|Any CPU.Build.0 = Release|Any CPU
		{EE36875D-043A-472A-8EEF-BF8F42FD9D03}.Debug|Any CPU.ActiveCfg = Debug|Any CPU
		{EE36875D-043A-472A-8EEF-BF8F42FD9D03}.Debug|Any CPU.Build.0 = Debug|Any CPU
		{EE36875D-043A-472A-8EEF-BF8F42FD9D03}.Release|Any CPU.ActiveCfg = Release|Any CPU
		{EE36875D-043A-472A-8EEF-BF8F42FD9D03}.Release|Any CPU.Build.0 = Release|Any CPU
		{7B64386D-51C5-41C5-8BAD-B2F69865F8C2}.Debug|Any CPU.ActiveCfg = Debug|Any CPU
		{7B64386D-51C5-41C5-8BAD-B2F69865F8C2}.Debug|Any CPU.Build.0 = Debug|Any CPU
		{7B64386D-51C5-41C5-8BAD-B2F69865F8C2}.Release|Any CPU.ActiveCfg = Release|Any CPU
		{7B64386D-51C5-41C5-8BAD-B2F69865F8C2}.Release|Any CPU.Build.0 = Release|Any CPU
		{9CD749FE-9A12-48CF-B319-0507BE78D57F}.Debug|Any CPU.ActiveCfg = Debug|Any CPU
		{9CD749FE-9A12-48CF-B319-0507BE78D57F}.Debug|Any CPU.Build.0 = Debug|Any CPU
		{9CD749FE-9A12-48CF-B319-0507BE78D57F}.Release|Any CPU.ActiveCfg = Release|Any CPU
		{9CD749FE-9A12-48CF-B319-0507BE78D57F}.Release|Any CPU.Build.0 = Release|Any CPU
	EndGlobalSection
	GlobalSection(SolutionProperties) = preSolution
		HideSolutionNode = FALSE
	EndGlobalSection
	GlobalSection(ExtensibilityGlobals) = postSolution
		SolutionGuid = {B69F9BD0-ADEF-44DE-B3D2-322C240A5CBD}
	EndGlobalSection
EndGlobal
