
Microsoft Visual Studio Solution File, Format Version 12.00
# Visual Studio Version 16
VisualStudioVersion = 16.0.31624.102
MinimumVisualStudioVersion = 10.0.40219.1
Project("{FAE04EC0-301F-11D3-BF4B-00C04F79EFBC}") = "Appl", "Appl\Appl.csproj", "{4CDCEE3F-DF0A-4565-878A-6EFB8E7AE2E6}"
EndProject
Project("{9A19103F-16F7-4668-BE54-9A1E7A4F7556}") = "Library", "Library\Library.csproj", "{492126C2-28F7-4D9C-BB99-DEDC7EB8B9DD}"
EndProject
Project("{FAE04EC0-301F-11D3-BF4B-00C04F79EFBC}") = "Appl1", "Appl1\Appl1.csproj", "{FB08128E-711F-45E4-BE97-BDDF403DF043}"
EndProject
Project("{FAE04EC0-301F-11D3-BF4B-00C04F79EFBC}") = "MyLibrary", "MyLibrary\MyLibrary.csproj", "{4AC89007-4956-4F5C-A07F-3FC186F77ADC}"
EndProject
Project("{FAE04EC0-301F-11D3-BF4B-00C04F79EFBC}") = "Logging", "Logging\Logging.csproj", "{7D2F4966-7927-48BD-A0F0-72A881529AE7}"
EndProject
Global
	GlobalSection(SolutionConfigurationPlatforms) = preSolution
		Debug|Any CPU = Debug|Any CPU
		Release|Any CPU = Release|Any CPU
	EndGlobalSection
	GlobalSection(ProjectConfigurationPlatforms) = postSolution
		{4CDCEE3F-DF0A-4565-878A-6EFB8E7AE2E6}.Debug|Any CPU.ActiveCfg = Debug|Any CPU
		{4CDCEE3F-DF0A-4565-878A-6EFB8E7AE2E6}.Debug|Any CPU.Build.0 = Debug|Any CPU
		{4CDCEE3F-DF0A-4565-878A-6EFB8E7AE2E6}.Release|Any CPU.ActiveCfg = Release|Any CPU
		{4CDCEE3F-DF0A-4565-878A-6EFB8E7AE2E6}.Release|Any CPU.Build.0 = Release|Any CPU
		{492126C2-28F7-4D9C-BB99-DEDC7EB8B9DD}.Debug|Any CPU.ActiveCfg = Debug|Any CPU
		{492126C2-28F7-4D9C-BB99-DEDC7EB8B9DD}.Debug|Any CPU.Build.0 = Debug|Any CPU
		{492126C2-28F7-4D9C-BB99-DEDC7EB8B9DD}.Release|Any CPU.ActiveCfg = Release|Any CPU
		{492126C2-28F7-4D9C-BB99-DEDC7EB8B9DD}.Release|Any CPU.Build.0 = Release|Any CPU
		{FB08128E-711F-45E4-BE97-BDDF403DF043}.Debug|Any CPU.ActiveCfg = Debug|Any CPU
		{FB08128E-711F-45E4-BE97-BDDF403DF043}.Debug|Any CPU.Build.0 = Debug|Any CPU
		{FB08128E-711F-45E4-BE97-BDDF403DF043}.Release|Any CPU.ActiveCfg = Release|Any CPU
		{FB08128E-711F-45E4-BE97-BDDF403DF043}.Release|Any CPU.Build.0 = Release|Any CPU
		{4AC89007-4956-4F5C-A07F-3FC186F77ADC}.Debug|Any CPU.ActiveCfg = Debug|Any CPU
		{4AC89007-4956-4F5C-A07F-3FC186F77ADC}.Debug|Any CPU.Build.0 = Debug|Any CPU
		{4AC89007-4956-4F5C-A07F-3FC186F77ADC}.Release|Any CPU.ActiveCfg = Release|Any CPU
		{4AC89007-4956-4F5C-A07F-3FC186F77ADC}.Release|Any CPU.Build.0 = Release|Any CPU
		{7D2F4966-7927-48BD-A0F0-72A881529AE7}.Debug|Any CPU.ActiveCfg = Debug|Any CPU
		{7D2F4966-7927-48BD-A0F0-72A881529AE7}.Debug|Any CPU.Build.0 = Debug|Any CPU
		{7D2F4966-7927-48BD-A0F0-72A881529AE7}.Release|Any CPU.ActiveCfg = Release|Any CPU
		{7D2F4966-7927-48BD-A0F0-72A881529AE7}.Release|Any CPU.Build.0 = Release|Any CPU
	EndGlobalSection
	GlobalSection(SolutionProperties) = preSolution
		HideSolutionNode = FALSE
	EndGlobalSection
	GlobalSection(ExtensibilityGlobals) = postSolution
		SolutionGuid = {E585AF41-169D-4BD9-8CCD-A645BB8B26FE}
	EndGlobalSection
EndGlobal
