
Microsoft Visual Studio Solution File, Format Version 12.00
# Visual Studio Version 16
VisualStudioVersion = 16.0.31624.102
MinimumVisualStudioVersion = 10.0.40219.1
Project("{FAE04EC0-301F-11D3-BF4B-00C04F79EFBC}") = "черновик", "черновик\черновик.csproj", "{27F73CA5-D5D4-45C4-8AC4-A6298DD1984E}"
EndProject
Global
	GlobalSection(SolutionConfigurationPlatforms) = preSolution
		Debug|Any CPU = Debug|Any CPU
		Release|Any CPU = Release|Any CPU
	EndGlobalSection
	GlobalSection(ProjectConfigurationPlatforms) = postSolution
		{27F73CA5-D5D4-45C4-8AC4-A6298DD1984E}.Debug|Any CPU.ActiveCfg = Debug|Any CPU
		{27F73CA5-D5D4-45C4-8AC4-A6298DD1984E}.Debug|Any CPU.Build.0 = Debug|Any CPU
		{27F73CA5-D5D4-45C4-8AC4-A6298DD1984E}.Release|Any CPU.ActiveCfg = Release|Any CPU
		{27F73CA5-D5D4-45C4-8AC4-A6298DD1984E}.Release|Any CPU.Build.0 = Release|Any CPU
	EndGlobalSection
	GlobalSection(SolutionProperties) = preSolution
		HideSolutionNode = FALSE
	EndGlobalSection
	GlobalSection(ExtensibilityGlobals) = postSolution
		SolutionGuid = {B2E2ED9A-11F3-4D6A-BF5C-E3A1F91E0CCC}
	EndGlobalSection
EndGlobal
