
Microsoft Visual Studio Solution File, Format Version 12.00
# Visual Studio Version 16
VisualStudioVersion = 16.0.31624.102
MinimumVisualStudioVersion = 10.0.40219.1
Project("{FAE04EC0-301F-11D3-BF4B-00C04F79EFBC}") = "ConsoleApp4", "ConsoleApp4\ConsoleApp4.csproj", "{7D51693D-39F7-4753-A67F-62660B6A16E7}"
EndProject
Project("{FAE04EC0-301F-11D3-BF4B-00C04F79EFBC}") = "ConsoleApp1", "ConsoleApp1\ConsoleApp1.csproj", "{F79F3E45-26E5-4158-AE39-A49FB053F156}"
EndProject
Project("{FAE04EC0-301F-11D3-BF4B-00C04F79EFBC}") = "ConsoleApp2", "ConsoleApp2\ConsoleApp2.csproj", "{1FAAE49D-9DED-46A8-B82A-3DBBB4CC1C0D}"
EndProject
Global
	GlobalSection(SolutionConfigurationPlatforms) = preSolution
		Debug|Any CPU = Debug|Any CPU
		Release|Any CPU = Release|Any CPU
	EndGlobalSection
	GlobalSection(ProjectConfigurationPlatforms) = postSolution
		{7D51693D-39F7-4753-A67F-62660B6A16E7}.Debug|Any CPU.ActiveCfg = Debug|Any CPU
		{7D51693D-39F7-4753-A67F-62660B6A16E7}.Debug|Any CPU.Build.0 = Debug|Any CPU
		{7D51693D-39F7-4753-A67F-62660B6A16E7}.Release|Any CPU.ActiveCfg = Release|Any CPU
		{7D51693D-39F7-4753-A67F-62660B6A16E7}.Release|Any CPU.Build.0 = Release|Any CPU
		{F79F3E45-26E5-4158-AE39-A49FB053F156}.Debug|Any CPU.ActiveCfg = Debug|Any CPU
		{F79F3E45-26E5-4158-AE39-A49FB053F156}.Debug|Any CPU.Build.0 = Debug|Any CPU
		{F79F3E45-26E5-4158-AE39-A49FB053F156}.Release|Any CPU.ActiveCfg = Release|Any CPU
		{F79F3E45-26E5-4158-AE39-A49FB053F156}.Release|Any CPU.Build.0 = Release|Any CPU
		{1FAAE49D-9DED-46A8-B82A-3DBBB4CC1C0D}.Debug|Any CPU.ActiveCfg = Debug|Any CPU
		{1FAAE49D-9DED-46A8-B82A-3DBBB4CC1C0D}.Debug|Any CPU.Build.0 = Debug|Any CPU
		{1FAAE49D-9DED-46A8-B82A-3DBBB4CC1C0D}.Release|Any CPU.ActiveCfg = Release|Any CPU
		{1FAAE49D-9DED-46A8-B82A-3DBBB4CC1C0D}.Release|Any CPU.Build.0 = Release|Any CPU
	EndGlobalSection
	GlobalSection(SolutionProperties) = preSolution
		HideSolutionNode = FALSE
	EndGlobalSection
	GlobalSection(ExtensibilityGlobals) = postSolution
		SolutionGuid = {C772DDED-A740-47D9-81BC-1539C8C8316B}
	EndGlobalSection
EndGlobal
