
Microsoft Visual Studio Solution File, Format Version 12.00
# Visual Studio Version 16
VisualStudioVersion = 16.0.31624.102
MinimumVisualStudioVersion = 10.0.40219.1
Project("{FAE04EC0-301F-11D3-BF4B-00C04F79EFBC}") = "Лаб 3", "Лаб 3.csproj", "{4DADFB21-4364-4795-B41A-D5E6BBADA83D}"
EndProject
Global
	GlobalSection(SolutionConfigurationPlatforms) = preSolution
		Debug|Any CPU = Debug|Any CPU
		Release|Any CPU = Release|Any CPU
	EndGlobalSection
	GlobalSection(ProjectConfigurationPlatforms) = postSolution
		{4DADFB21-4364-4795-B41A-D5E6BBADA83D}.Debug|Any CPU.ActiveCfg = Debug|Any CPU
		{4DADFB21-4364-4795-B41A-D5E6BBADA83D}.Debug|Any CPU.Build.0 = Debug|Any CPU
		{4DADFB21-4364-4795-B41A-D5E6BBADA83D}.Release|Any CPU.ActiveCfg = Release|Any CPU
		{4DADFB21-4364-4795-B41A-D5E6BBADA83D}.Release|Any CPU.Build.0 = Release|Any CPU
	EndGlobalSection
	GlobalSection(SolutionProperties) = preSolution
		HideSolutionNode = FALSE
	EndGlobalSection
	GlobalSection(ExtensibilityGlobals) = postSolution
		SolutionGuid = {6DE5C14B-7A14-49AC-9B1F-25E14ABCEAB0}
	EndGlobalSection
EndGlobal
