
Microsoft Visual Studio Solution File, Format Version 12.00
# Visual Studio Version 16
VisualStudioVersion = 16.0.31624.102
MinimumVisualStudioVersion = 10.0.40219.1
Project("{FAE04EC0-301F-11D3-BF4B-00C04F79EFBC}") = "Lab7", "Lab6\Lab7.csproj", "{D5BBE85B-3F57-4619-8BFE-B15D5C61BC87}"
EndProject
Project("{FAE04EC0-301F-11D3-BF4B-00C04F79EFBC}") = "TestProject1", "TestProject1\TestProject1.csproj", "{447D0133-176B-4E53-94AA-81C35E5CEFCA}"
EndProject
Global
	GlobalSection(SolutionConfigurationPlatforms) = preSolution
		Debug|Any CPU = Debug|Any CPU
		Release|Any CPU = Release|Any CPU
	EndGlobalSection
	GlobalSection(ProjectConfigurationPlatforms) = postSolution
		{D5BBE85B-3F57-4619-8BFE-B15D5C61BC87}.Debug|Any CPU.ActiveCfg = Debug|Any CPU
		{D5BBE85B-3F57-4619-8BFE-B15D5C61BC87}.Debug|Any CPU.Build.0 = Debug|Any CPU
		{D5BBE85B-3F57-4619-8BFE-B15D5C61BC87}.Release|Any CPU.ActiveCfg = Release|Any CPU
		{D5BBE85B-3F57-4619-8BFE-B15D5C61BC87}.Release|Any CPU.Build.0 = Release|Any CPU
		{447D0133-176B-4E53-94AA-81C35E5CEFCA}.Debug|Any CPU.ActiveCfg = Debug|Any CPU
		{447D0133-176B-4E53-94AA-81C35E5CEFCA}.Debug|Any CPU.Build.0 = Debug|Any CPU
		{447D0133-176B-4E53-94AA-81C35E5CEFCA}.Release|Any CPU.ActiveCfg = Release|Any CPU
		{447D0133-176B-4E53-94AA-81C35E5CEFCA}.Release|Any CPU.Build.0 = Release|Any CPU
	EndGlobalSection
	GlobalSection(SolutionProperties) = preSolution
		HideSolutionNode = FALSE
	EndGlobalSection
	GlobalSection(ExtensibilityGlobals) = postSolution
		SolutionGuid = {F7D6D786-AB2D-4C90-88CE-3E80CCB23723}
	EndGlobalSection
EndGlobal
